
Microsoft Visual Studio Solution File, Format Version 12.00
# Visual Studio Version 16
VisualStudioVersion = 16.0.32901.82
MinimumVisualStudioVersion = 10.0.40219.1
Project("{8BC9CEB8-8B4A-11D0-8D11-00A0C91BC942}") = "MicMuter", "MicMuter\MicMuter.vcxproj", "{F9F56344-738D-4EDF-92DE-14531F937038}"
EndProject
Global
	GlobalSection(SolutionConfigurationPlatforms) = preSolution
		Debug|x64 = Debug|x64
		Debug|x86 = Debug|x86
		Release|x64 = Release|x64
		Release|x86 = Release|x86
	EndGlobalSection
	GlobalSection(ProjectConfigurationPlatforms) = postSolution
		{F9F56344-738D-4EDF-92DE-14531F937038}.Debug|x64.ActiveCfg = Debug|x64
		{F9F56344-738D-4EDF-92DE-14531F937038}.Debug|x64.Build.0 = Debug|x64
		{F9F56344-738D-4EDF-92DE-14531F937038}.Debug|x86.ActiveCfg = Debug|Win32
		{F9F56344-738D-4EDF-92DE-14531F937038}.Debug|x86.Build.0 = Debug|Win32
		{F9F56344-738D-4EDF-92DE-14531F937038}.Release|x64.ActiveCfg = Release|x64
		{F9F56344-738D-4EDF-92DE-14531F937038}.Release|x64.Build.0 = Release|x64
		{F9F56344-738D-4EDF-92DE-14531F937038}.Release|x86.ActiveCfg = Release|Win32
		{F9F56344-738D-4EDF-92DE-14531F937038}.Release|x86.Build.0 = Release|Win32
	EndGlobalSection
	GlobalSection(SolutionProperties) = preSolution
		HideSolutionNode = FALSE
	EndGlobalSection
	GlobalSection(ExtensibilityGlobals) = postSolution
		SolutionGuid = {B5086B03-091D-4257-B9A0-39FF7103F8F8}
	EndGlobalSection
EndGlobal
